
Microsoft Visual Studio Solution File, Format Version 12.00
# Visual Studio Version 17
VisualStudioVersion = 17.9.34526.213
MinimumVisualStudioVersion = 10.0.40219.1
Project("{2150E333-8FDC-42A3-9474-1A3956D46DE8}") = "src", "src", "{276C9445-611E-4A44-8647-447B00E826CF}"
EndProject
Project("{2150E333-8FDC-42A3-9474-1A3956D46DE8}") = "Services", "Services", "{713B086B-96DC-4DA3-AEB2-4BAD33493540}"
EndProject
Project("{2150E333-8FDC-42A3-9474-1A3956D46DE8}") = "Catalog", "Catalog", "{39465D2C-7F4A-497A-A1E5-C5E1EFD12BEA}"
EndProject
Project("{9A19103F-16F7-4668-BE54-9A1E7A4F7556}") = "Catalog.API", "src\Services\Catalog\Catalog.API\Catalog.API.csproj", "{B0B38E01-33BF-4064-8D59-1584D3F6217A}"
EndProject
Project("{2150E333-8FDC-42A3-9474-1A3956D46DE8}") = "tests", "tests", "{570BD8BF-9663-4D6F-89E2-77FBD0AC5F0E}"
EndProject
Project("{2150E333-8FDC-42A3-9474-1A3956D46DE8}") = "Ordering", "Ordering", "{F0A1DE98-96CA-4E7D-88DE-31C1864C5359}"
EndProject
Project("{9A19103F-16F7-4668-BE54-9A1E7A4F7556}") = "Ordering.API", "src\Services\Ordering\Ordering.API\Ordering.API.csproj", "{D1004B0E-39C8-43C0-9BB5-72323983D6BD}"
EndProject
Project("{9A19103F-16F7-4668-BE54-9A1E7A4F7556}") = "Ordering.Domain", "src\Services\Ordering\Ordering.Domain\Ordering.Domain.csproj", "{BB0AD06F-2DEB-44A8-9198-9FC9D54DA9C7}"
EndProject
Project("{9A19103F-16F7-4668-BE54-9A1E7A4F7556}") = "Ordering.Infrastructure", "src\Services\Ordering\Ordering.Infrastructure\Ordering.Infrastructure.csproj", "{F936324D-BDF1-47B8-9CDF-E7040A68EA93}"
EndProject
Project("{2150E333-8FDC-42A3-9474-1A3956D46DE8}") = "Basket", "Basket", "{4AC73117-8741-4806-BE81-6C87CD06FCE5}"
EndProject
Project("{9A19103F-16F7-4668-BE54-9A1E7A4F7556}") = "Basket.API", "src\Services\Basket\Basket.API\Basket.API.csproj", "{88CB864F-E3D5-40AD-B023-5ECB6D0523F9}"
EndProject
Project("{2150E333-8FDC-42A3-9474-1A3956D46DE8}") = "Gateway", "Gateway", "{2E853371-7E0D-4C90-BD0A-65AB4C907931}"
EndProject
Project("{9A19103F-16F7-4668-BE54-9A1E7A4F7556}") = "eShop.Gateway", "src\Gateway\eShop.Gateway\eShop.Gateway.csproj", "{C0B51C0C-D7FD-4094-8C10-9766DBF486C8}"
EndProject
Project("{9A19103F-16F7-4668-BE54-9A1E7A4F7556}") = "Basket.UnitTests", "tests\Basket.UnitTests\Basket.UnitTests.csproj", "{B1C44456-CFC1-4385-BF40-B24197F35617}"
EndProject
Project("{9A19103F-16F7-4668-BE54-9A1E7A4F7556}") = "Ordering.UnitTests", "tests\Ordering.UnitTests\Ordering.UnitTests\Ordering.UnitTests.csproj", "{F68CA2D6-26A0-4548-B0C8-C4D18F2F7481}"
EndProject
Project("{9A19103F-16F7-4668-BE54-9A1E7A4F7556}") = "Catalog.UnitTests", "tests\Catalog.FunctionalTests\Catalog.UnitTests\Catalog.UnitTests.csproj", "{EC5F5C58-E242-497B-99FD-6885E205DC3C}"
EndProject
Project("{2150E333-8FDC-42A3-9474-1A3956D46DE8}") = "BuildingBlock", "BuildingBlock", "{E5B1D630-4570-4317-B552-A649DECEC192}"
EndProject
Project("{9A19103F-16F7-4668-BE54-9A1E7A4F7556}") = "eShop.Library", "src\BuildingBlocks\eShop.Library\eShop.Library.csproj", "{25E6C572-3BB9-4177-83A5-10216C9E4EDA}"
EndProject
Project("{2150E333-8FDC-42A3-9474-1A3956D46DE8}") = "Management", "Management", "{164E9A29-7B8A-4990-9042-A357AF4226FF}"
EndProject
Project("{9A19103F-16F7-4668-BE54-9A1E7A4F7556}") = "Management.API", "src\Services\Management\Management.API\Management.API.csproj", "{DEE22B2D-286B-401D-9F88-95CB79045317}"
EndProject
Project("{9A19103F-16F7-4668-BE54-9A1E7A4F7556}") = "Management.Domain", "src\Services\Management\Management.Domain\Management.Domain.csproj", "{49315007-DA26-4B26-85CD-08FF75B8B77C}"
EndProject
Project("{9A19103F-16F7-4668-BE54-9A1E7A4F7556}") = "Management.Infrastructure", "src\Services\Management\Management.Infrastructure\Management.Infrastructure.csproj", "{04CD79A6-594B-42E3-8FE2-D1DBADBCE955}"
EndProject
Global
	GlobalSection(SolutionConfigurationPlatforms) = preSolution
		Debug|Any CPU = Debug|Any CPU
		Release|Any CPU = Release|Any CPU
	EndGlobalSection
	GlobalSection(ProjectConfigurationPlatforms) = postSolution
		{B0B38E01-33BF-4064-8D59-1584D3F6217A}.Debug|Any CPU.ActiveCfg = Debug|Any CPU
		{B0B38E01-33BF-4064-8D59-1584D3F6217A}.Debug|Any CPU.Build.0 = Debug|Any CPU
		{B0B38E01-33BF-4064-8D59-1584D3F6217A}.Release|Any CPU.ActiveCfg = Release|Any CPU
		{B0B38E01-33BF-4064-8D59-1584D3F6217A}.Release|Any CPU.Build.0 = Release|Any CPU
		{D1004B0E-39C8-43C0-9BB5-72323983D6BD}.Debug|Any CPU.ActiveCfg = Debug|Any CPU
		{D1004B0E-39C8-43C0-9BB5-72323983D6BD}.Debug|Any CPU.Build.0 = Debug|Any CPU
		{D1004B0E-39C8-43C0-9BB5-72323983D6BD}.Release|Any CPU.ActiveCfg = Release|Any CPU
		{D1004B0E-39C8-43C0-9BB5-72323983D6BD}.Release|Any CPU.Build.0 = Release|Any CPU
		{BB0AD06F-2DEB-44A8-9198-9FC9D54DA9C7}.Debug|Any CPU.ActiveCfg = Debug|Any CPU
		{BB0AD06F-2DEB-44A8-9198-9FC9D54DA9C7}.Debug|Any CPU.Build.0 = Debug|Any CPU
		{BB0AD06F-2DEB-44A8-9198-9FC9D54DA9C7}.Release|Any CPU.ActiveCfg = Release|Any CPU
		{BB0AD06F-2DEB-44A8-9198-9FC9D54DA9C7}.Release|Any CPU.Build.0 = Release|Any CPU
		{F936324D-BDF1-47B8-9CDF-E7040A68EA93}.Debug|Any CPU.ActiveCfg = Debug|Any CPU
		{F936324D-BDF1-47B8-9CDF-E7040A68EA93}.Debug|Any CPU.Build.0 = Debug|Any CPU
		{F936324D-BDF1-47B8-9CDF-E7040A68EA93}.Release|Any CPU.ActiveCfg = Release|Any CPU
		{F936324D-BDF1-47B8-9CDF-E7040A68EA93}.Release|Any CPU.Build.0 = Release|Any CPU
		{88CB864F-E3D5-40AD-B023-5ECB6D0523F9}.Debug|Any CPU.ActiveCfg = Debug|Any CPU
		{88CB864F-E3D5-40AD-B023-5ECB6D0523F9}.Debug|Any CPU.Build.0 = Debug|Any CPU
		{88CB864F-E3D5-40AD-B023-5ECB6D0523F9}.Release|Any CPU.ActiveCfg = Release|Any CPU
		{88CB864F-E3D5-40AD-B023-5ECB6D0523F9}.Release|Any CPU.Build.0 = Release|Any CPU
		{C0B51C0C-D7FD-4094-8C10-9766DBF486C8}.Debug|Any CPU.ActiveCfg = Debug|Any CPU
		{C0B51C0C-D7FD-4094-8C10-9766DBF486C8}.Debug|Any CPU.Build.0 = Debug|Any CPU
		{C0B51C0C-D7FD-4094-8C10-9766DBF486C8}.Release|Any CPU.ActiveCfg = Release|Any CPU
		{C0B51C0C-D7FD-4094-8C10-9766DBF486C8}.Release|Any CPU.Build.0 = Release|Any CPU
		{B1C44456-CFC1-4385-BF40-B24197F35617}.Debug|Any CPU.ActiveCfg = Debug|Any CPU
		{B1C44456-CFC1-4385-BF40-B24197F35617}.Debug|Any CPU.Build.0 = Debug|Any CPU
		{B1C44456-CFC1-4385-BF40-B24197F35617}.Release|Any CPU.ActiveCfg = Release|Any CPU
		{B1C44456-CFC1-4385-BF40-B24197F35617}.Release|Any CPU.Build.0 = Release|Any CPU
		{F68CA2D6-26A0-4548-B0C8-C4D18F2F7481}.Debug|Any CPU.ActiveCfg = Debug|Any CPU
		{F68CA2D6-26A0-4548-B0C8-C4D18F2F7481}.Debug|Any CPU.Build.0 = Debug|Any CPU
		{F68CA2D6-26A0-4548-B0C8-C4D18F2F7481}.Release|Any CPU.ActiveCfg = Release|Any CPU
		{F68CA2D6-26A0-4548-B0C8-C4D18F2F7481}.Release|Any CPU.Build.0 = Release|Any CPU
		{EC5F5C58-E242-497B-99FD-6885E205DC3C}.Debug|Any CPU.ActiveCfg = Debug|Any CPU
		{EC5F5C58-E242-497B-99FD-6885E205DC3C}.Debug|Any CPU.Build.0 = Debug|Any CPU
		{EC5F5C58-E242-497B-99FD-6885E205DC3C}.Release|Any CPU.ActiveCfg = Release|Any CPU
		{EC5F5C58-E242-497B-99FD-6885E205DC3C}.Release|Any CPU.Build.0 = Release|Any CPU
		{25E6C572-3BB9-4177-83A5-10216C9E4EDA}.Debug|Any CPU.ActiveCfg = Debug|Any CPU
		{25E6C572-3BB9-4177-83A5-10216C9E4EDA}.Debug|Any CPU.Build.0 = Debug|Any CPU
		{25E6C572-3BB9-4177-83A5-10216C9E4EDA}.Release|Any CPU.ActiveCfg = Release|Any CPU
		{25E6C572-3BB9-4177-83A5-10216C9E4EDA}.Release|Any CPU.Build.0 = Release|Any CPU
		{DEE22B2D-286B-401D-9F88-95CB79045317}.Debug|Any CPU.ActiveCfg = Debug|Any CPU
		{DEE22B2D-286B-401D-9F88-95CB79045317}.Debug|Any CPU.Build.0 = Debug|Any CPU
		{DEE22B2D-286B-401D-9F88-95CB79045317}.Release|Any CPU.ActiveCfg = Release|Any CPU
		{DEE22B2D-286B-401D-9F88-95CB79045317}.Release|Any CPU.Build.0 = Release|Any CPU
		{49315007-DA26-4B26-85CD-08FF75B8B77C}.Debug|Any CPU.ActiveCfg = Debug|Any CPU
		{49315007-DA26-4B26-85CD-08FF75B8B77C}.Debug|Any CPU.Build.0 = Debug|Any CPU
		{49315007-DA26-4B26-85CD-08FF75B8B77C}.Release|Any CPU.ActiveCfg = Release|Any CPU
		{49315007-DA26-4B26-85CD-08FF75B8B77C}.Release|Any CPU.Build.0 = Release|Any CPU
		{04CD79A6-594B-42E3-8FE2-D1DBADBCE955}.Debug|Any CPU.ActiveCfg = Debug|Any CPU
		{04CD79A6-594B-42E3-8FE2-D1DBADBCE955}.Debug|Any CPU.Build.0 = Debug|Any CPU
		{04CD79A6-594B-42E3-8FE2-D1DBADBCE955}.Release|Any CPU.ActiveCfg = Release|Any CPU
		{04CD79A6-594B-42E3-8FE2-D1DBADBCE955}.Release|Any CPU.Build.0 = Release|Any CPU
	EndGlobalSection
	GlobalSection(SolutionProperties) = preSolution
		HideSolutionNode = FALSE
	EndGlobalSection
	GlobalSection(NestedProjects) = preSolution
		{713B086B-96DC-4DA3-AEB2-4BAD33493540} = {276C9445-611E-4A44-8647-447B00E826CF}
		{39465D2C-7F4A-497A-A1E5-C5E1EFD12BEA} = {713B086B-96DC-4DA3-AEB2-4BAD33493540}
		{B0B38E01-33BF-4064-8D59-1584D3F6217A} = {39465D2C-7F4A-497A-A1E5-C5E1EFD12BEA}
		{570BD8BF-9663-4D6F-89E2-77FBD0AC5F0E} = {276C9445-611E-4A44-8647-447B00E826CF}
		{F0A1DE98-96CA-4E7D-88DE-31C1864C5359} = {713B086B-96DC-4DA3-AEB2-4BAD33493540}
		{D1004B0E-39C8-43C0-9BB5-72323983D6BD} = {F0A1DE98-96CA-4E7D-88DE-31C1864C5359}
		{BB0AD06F-2DEB-44A8-9198-9FC9D54DA9C7} = {F0A1DE98-96CA-4E7D-88DE-31C1864C5359}
		{F936324D-BDF1-47B8-9CDF-E7040A68EA93} = {F0A1DE98-96CA-4E7D-88DE-31C1864C5359}
		{4AC73117-8741-4806-BE81-6C87CD06FCE5} = {713B086B-96DC-4DA3-AEB2-4BAD33493540}
		{88CB864F-E3D5-40AD-B023-5ECB6D0523F9} = {4AC73117-8741-4806-BE81-6C87CD06FCE5}
		{2E853371-7E0D-4C90-BD0A-65AB4C907931} = {276C9445-611E-4A44-8647-447B00E826CF}
		{C0B51C0C-D7FD-4094-8C10-9766DBF486C8} = {2E853371-7E0D-4C90-BD0A-65AB4C907931}
		{B1C44456-CFC1-4385-BF40-B24197F35617} = {570BD8BF-9663-4D6F-89E2-77FBD0AC5F0E}
		{F68CA2D6-26A0-4548-B0C8-C4D18F2F7481} = {570BD8BF-9663-4D6F-89E2-77FBD0AC5F0E}
		{EC5F5C58-E242-497B-99FD-6885E205DC3C} = {570BD8BF-9663-4D6F-89E2-77FBD0AC5F0E}
		{E5B1D630-4570-4317-B552-A649DECEC192} = {276C9445-611E-4A44-8647-447B00E826CF}
		{25E6C572-3BB9-4177-83A5-10216C9E4EDA} = {E5B1D630-4570-4317-B552-A649DECEC192}
		{164E9A29-7B8A-4990-9042-A357AF4226FF} = {713B086B-96DC-4DA3-AEB2-4BAD33493540}
		{DEE22B2D-286B-401D-9F88-95CB79045317} = {164E9A29-7B8A-4990-9042-A357AF4226FF}
		{49315007-DA26-4B26-85CD-08FF75B8B77C} = {164E9A29-7B8A-4990-9042-A357AF4226FF}
		{04CD79A6-594B-42E3-8FE2-D1DBADBCE955} = {164E9A29-7B8A-4990-9042-A357AF4226FF}
	EndGlobalSection
	GlobalSection(ExtensibilityGlobals) = postSolution
		SolutionGuid = {9649FBC9-8FE0-4413-8B7F-0C61D7B2F13F}
	EndGlobalSection
EndGlobal
