{
  "name": "eShop",
  "lockfileVersion": 3,
  "requires": true,
  "packages": {
    "": {
      "dependencies": {
        "@angular/animations": "^18.1.4"
      }
    },
    "node_modules/@angular/animations": {
      "version": "18.1.4",
      "resolved": "https://registry.npmjs.org/@angular/animations/-/animations-18.1.4.tgz",
      "integrity": "sha512-m0yusB7BI3wrotx9F9rf7YUD5bvhF+lT2fLNF1QCzCU819rtLnDoj0b4/z+D0i5qe7gQjtAJ42e/Hv7eGuq0VQ==",
      "dependencies": {
        "tslib": "^2.3.0"
      },
      "engines": {
        "node": "^18.19.1 || ^20.11.1 || >=22.0.0"
      },
      "peerDependencies": {
        "@angular/core": "18.1.4"
      }
    },
    "node_modules/@angular/core": {
      "version": "18.1.4",
      "resolved": "https://registry.npmjs.org/@angular/core/-/core-18.1.4.tgz",
      "integrity": "sha512-+N3oWYFubT3GdCkBfD/CmH4DGjr/fGFQZChWbph2ZuPpK7JYNgfyvXS4SjLtdL4WTjjBevBTgR70GyLH/5EbKA==",
      "peer": true,
      "dependencies": {
        "tslib": "^2.3.0"
      },
      "engines": {
        "node": "^18.19.1 || ^20.11.1 || >=22.0.0"
      },
      "peerDependencies": {
        "rxjs": "^6.5.3 || ^7.4.0",
        "zone.js": "~0.14.0"
      }
    },
    "node_modules/rxjs": {
      "version": "7.8.1",
      "resolved": "https://registry.npmjs.org/rxjs/-/rxjs-7.8.1.tgz",
      "integrity": "sha512-AA3TVj+0A2iuIoQkWEK/tqFjBq2j+6PO6Y0zJcvzLAFhEFIO3HL0vls9hWLncZbAAbK0mar7oZ4V079I/qPMxg==",
      "peer": true,
      "dependencies": {
        "tslib": "^2.1.0"
      }
    },
    "node_modules/tslib": {
      "version": "2.6.3",
      "resolved": "https://registry.npmjs.org/tslib/-/tslib-2.6.3.tgz",
      "integrity": "sha512-xNvxJEOUiWPGhUuUdQgAJPKOOJfGnIyKySOc09XkKsgdUV/3E2zvwZYdejjmRgPCgcym1juLH3226yA7sEFJKQ=="
    },
    "node_modules/zone.js": {
      "version": "0.14.10",
      "resolved": "https://registry.npmjs.org/zone.js/-/zone.js-0.14.10.tgz",
      "integrity": "sha512-YGAhaO7J5ywOXW6InXNlLmfU194F8lVgu7bRntUF3TiG8Y3nBK0x1UJJuHUP/e8IyihkjCYqhCScpSwnlaSRkQ==",
      "peer": true
    }
  }
}
